
Microsoft Visual Studio Solution File, Format Version 12.00
# Visual Studio 15
VisualStudioVersion = 15.0.27130.2020
MinimumVisualStudioVersion = 10.0.40219.1
Project("{FAE04EC0-301F-11D3-BF4B-00C04F79EFBC}") = "CardsAgainstInfusion", "CardsAgainstInfusion\CardsAgainstInfusion.csproj", "{F317B6B8-38D4-4941-B60A-9644FA55E2BA}"
EndProject
Global
	GlobalSection(SolutionConfigurationPlatforms) = preSolution
		Debug|Any CPU = Debug|Any CPU
		Release|Any CPU = Release|Any CPU
	EndGlobalSection
	GlobalSection(ProjectConfigurationPlatforms) = postSolution
		{F317B6B8-38D4-4941-B60A-9644FA55E2BA}.Debug|Any CPU.ActiveCfg = Debug|Any CPU
		{F317B6B8-38D4-4941-B60A-9644FA55E2BA}.Debug|Any CPU.Build.0 = Debug|Any CPU
		{F317B6B8-38D4-4941-B60A-9644FA55E2BA}.Release|Any CPU.ActiveCfg = Release|Any CPU
		{F317B6B8-38D4-4941-B60A-9644FA55E2BA}.Release|Any CPU.Build.0 = Release|Any CPU
	EndGlobalSection
	GlobalSection(SolutionProperties) = preSolution
		HideSolutionNode = FALSE
	EndGlobalSection
	GlobalSection(ExtensibilityGlobals) = postSolution
		SolutionGuid = {2A01578B-E8A4-48A4-90A8-E351D65D16CB}
	EndGlobalSection
EndGlobal
